// This lockfile was autogenerated by Pants. To regenerate, run:
//
//    pants generate-lockfiles --resolve=python-default
//
// --- BEGIN PANTS LOCKFILE METADATA: DO NOT EDIT OR REMOVE ---
// {
//   "version": 4,
//   "valid_for_interpreter_constraints": [
//     "CPython==3.14.*"
//   ],
//   "generated_with_requirements": [
//     "beautifulsoup4",
//     "httpx"
//   ],
//   "manylinux": "manylinux2014",
//   "requirement_constraints": [],
//   "only_binary": [],
//   "no_binary": [],
//   "excludes": [],
//   "overrides": []
// }
// --- END PANTS LOCKFILE METADATA ---

{
  "allow_builds": true,
  "allow_prereleases": false,
  "allow_wheels": true,
  "build_isolation": true,
  "constraints": [],
  "elide_unused_requires_dist": false,
  "excluded": [],
  "locked_resolves": [
    {
      "locked_requirements": [
        {
          "artifacts": [
            {
              "algorithm": "sha256",
              "hash": "0287e96f4d26d4149305414d4e3bc32f0dcd0862365a4bddea19d7a1ec38c4fc",
              "url": "https://files.pythonhosted.org/packages/15/b3/9b1a8074496371342ec1e796a96f99c82c945a339cd81a8e73de28b4cf9e/anyio-4.11.0-py3-none-any.whl"
            },
            {
              "algorithm": "sha256",
              "hash": "82a8d0b81e318cc5ce71a5f1f8b5c4e63619620b63141ef8c995fa0db95a57c4",
              "url": "https://files.pythonhosted.org/packages/c6/78/7d432127c41b50bccba979505f272c16cbcadcc33645d5fa3a738110ae75/anyio-4.11.0.tar.gz"
            }
          ],
          "project_name": "anyio",
          "requires_dists": [
            "exceptiongroup>=1.0.2; python_version < \"3.11\"",
            "idna>=2.8",
            "sniffio>=1.1",
            "trio>=0.31.0; extra == \"trio\"",
            "typing_extensions>=4.5; python_version < \"3.13\""
          ],
          "requires_python": ">=3.9",
          "version": "4.11.0"
        },
        {
          "artifacts": [
            {
              "algorithm": "sha256",
              "hash": "5ef6fa3a8cbece8488d66985560f97ed091e22bbc4e9c2338508a9d5de6d4515",
              "url": "https://files.pythonhosted.org/packages/94/fe/3aed5d0be4d404d12d36ab97e2f1791424d9ca39c2f754a6285d59a3b01d/beautifulsoup4-4.14.2-py3-none-any.whl"
            },
            {
              "algorithm": "sha256",
              "hash": "2a98ab9f944a11acee9cc848508ec28d9228abfd522ef0fad6a02a72e0ded69e",
              "url": "https://files.pythonhosted.org/packages/77/e9/df2358efd7659577435e2177bfa69cba6c33216681af51a707193dec162a/beautifulsoup4-4.14.2.tar.gz"
            }
          ],
          "project_name": "beautifulsoup4",
          "requires_dists": [
            "cchardet; extra == \"cchardet\"",
            "chardet; extra == \"chardet\"",
            "charset-normalizer; extra == \"charset-normalizer\"",
            "html5lib; extra == \"html5lib\"",
            "lxml; extra == \"lxml\"",
            "soupsieve>1.2",
            "typing-extensions>=4.0.0"
          ],
          "requires_python": ">=3.7.0",
          "version": "4.14.2"
        },
        {
          "artifacts": [
            {
              "algorithm": "sha256",
              "hash": "0f212c2744a9bb6de0c56639a6f68afe01ecd92d91f14ae897c4fe7bbeeef0de",
              "url": "https://files.pythonhosted.org/packages/e4/37/af0d2ef3967ac0d6113837b44a4f0bfe1328c2b9763bd5b1744520e5cfed/certifi-2025.10.5-py3-none-any.whl"
            },
            {
              "algorithm": "sha256",
              "hash": "47c09d31ccf2acf0be3f701ea53595ee7e0b8fa08801c6624be771df09ae7b43",
              "url": "https://files.pythonhosted.org/packages/4c/5b/b6ce21586237c77ce67d01dc5507039d444b630dd76611bbca2d8e5dcd91/certifi-2025.10.5.tar.gz"
            }
          ],
          "project_name": "certifi",
          "requires_dists": [],
          "requires_python": ">=3.7",
          "version": "2025.10.5"
        },
        {
          "artifacts": [
            {
              "algorithm": "sha256",
              "hash": "63cf8bbe7522de3bf65932fda1d9c2772064ffb3dae62d55932da54b31cb6c86",
              "url": "https://files.pythonhosted.org/packages/04/4b/29cac41a4d98d144bf5f6d33995617b185d14b22401f75ca86f384e87ff1/h11-0.16.0-py3-none-any.whl"
            },
            {
              "algorithm": "sha256",
              "hash": "4e35b956cf45792e4caa5885e69fba00bdbc6ffafbfa020300e549b208ee5ff1",
              "url": "https://files.pythonhosted.org/packages/01/ee/02a2c011bdab74c6fb3c75474d40b3052059d95df7e73351460c8588d963/h11-0.16.0.tar.gz"
            }
          ],
          "project_name": "h11",
          "requires_dists": [],
          "requires_python": ">=3.8",
          "version": "0.16.0"
        },
        {
          "artifacts": [
            {
              "algorithm": "sha256",
              "hash": "2d400746a40668fc9dec9810239072b40b4484b640a8c38fd654a024c7a1bf55",
              "url": "https://files.pythonhosted.org/packages/7e/f5/f66802a942d491edb555dd61e3a9961140fd64c90bce1eafd741609d334d/httpcore-1.0.9-py3-none-any.whl"
            },
            {
              "algorithm": "sha256",
              "hash": "6e34463af53fd2ab5d807f399a9b45ea31c3dfa2276f15a2c3f00afff6e176e8",
              "url": "https://files.pythonhosted.org/packages/06/94/82699a10bca87a5556c9c59b5963f2d039dbd239f25bc2a63907a05a14cb/httpcore-1.0.9.tar.gz"
            }
          ],
          "project_name": "httpcore",
          "requires_dists": [
            "anyio<5.0,>=4.0; extra == \"asyncio\"",
            "certifi",
            "h11>=0.16",
            "h2<5,>=3; extra == \"http2\"",
            "socksio==1.*; extra == \"socks\"",
            "trio<1.0,>=0.22.0; extra == \"trio\""
          ],
          "requires_python": ">=3.8",
          "version": "1.0.9"
        },
        {
          "artifacts": [
            {
              "algorithm": "sha256",
              "hash": "d909fcccc110f8c7faf814ca82a9a4d816bc5a6dbfea25d6591d6985b8ba59ad",
              "url": "https://files.pythonhosted.org/packages/2a/39/e50c7c3a983047577ee07d2a9e53faf5a69493943ec3f6a384bdc792deb2/httpx-0.28.1-py3-none-any.whl"
            },
            {
              "algorithm": "sha256",
              "hash": "75e98c5f16b0f35b567856f597f06ff2270a374470a5c2392242528e3e3e42fc",
              "url": "https://files.pythonhosted.org/packages/b1/df/48c586a5fe32a0f01324ee087459e112ebb7224f646c0b5023f5e79e9956/httpx-0.28.1.tar.gz"
            }
          ],
          "project_name": "httpx",
          "requires_dists": [
            "anyio",
            "brotli; platform_python_implementation == \"CPython\" and extra == \"brotli\"",
            "brotlicffi; platform_python_implementation != \"CPython\" and extra == \"brotli\"",
            "certifi",
            "click==8.*; extra == \"cli\"",
            "h2<5,>=3; extra == \"http2\"",
            "httpcore==1.*",
            "idna",
            "pygments==2.*; extra == \"cli\"",
            "rich<14,>=10; extra == \"cli\"",
            "socksio==1.*; extra == \"socks\"",
            "zstandard>=0.18.0; extra == \"zstd\""
          ],
          "requires_python": ">=3.8",
          "version": "0.28.1"
        },
        {
          "artifacts": [
            {
              "algorithm": "sha256",
              "hash": "771a87f49d9defaf64091e6e6fe9c18d4833f140bd19464795bc32d966ca37ea",
              "url": "https://files.pythonhosted.org/packages/0e/61/66938bbb5fc52dbdf84594873d5b51fb1f7c7794e9c0f5bd885f30bc507b/idna-3.11-py3-none-any.whl"
            },
            {
              "algorithm": "sha256",
              "hash": "795dafcc9c04ed0c1fb032c2aa73654d8e8c5023a7df64a53f39190ada629902",
              "url": "https://files.pythonhosted.org/packages/6f/6d/0703ccc57f3a7233505399edb88de3cbd678da106337b9fcde432b65ed60/idna-3.11.tar.gz"
            }
          ],
          "project_name": "idna",
          "requires_dists": [
            "flake8>=7.1.1; extra == \"all\"",
            "mypy>=1.11.2; extra == \"all\"",
            "pytest>=8.3.2; extra == \"all\"",
            "ruff>=0.6.2; extra == \"all\""
          ],
          "requires_python": ">=3.8",
          "version": "3.11"
        },
        {
          "artifacts": [
            {
              "algorithm": "sha256",
              "hash": "2f6da418d1f1e0fddd844478f41680e794e6051915791a034ff65e5f100525a2",
              "url": "https://files.pythonhosted.org/packages/e9/44/75a9c9421471a6c4805dbf2356f7c181a29c1879239abab1ea2cc8f38b40/sniffio-1.3.1-py3-none-any.whl"
            },
            {
              "algorithm": "sha256",
              "hash": "f4324edc670a0f49750a81b895f35c3adb843cca46f0530f79fc1babb23789dc",
              "url": "https://files.pythonhosted.org/packages/a2/87/a6771e1546d97e7e041b6ae58d80074f81b7d5121207425c964ddf5cfdbd/sniffio-1.3.1.tar.gz"
            }
          ],
          "project_name": "sniffio",
          "requires_dists": [],
          "requires_python": ">=3.7",
          "version": "1.3.1"
        },
        {
          "artifacts": [
            {
              "algorithm": "sha256",
              "hash": "0cc76456a30e20f5d7f2e14a98a4ae2ee4e5abdc7c5ea0aafe795f344bc7984c",
              "url": "https://files.pythonhosted.org/packages/14/a0/bb38d3b76b8cae341dad93a2dd83ab7462e6dbcdd84d43f54ee60a8dc167/soupsieve-2.8-py3-none-any.whl"
            },
            {
              "algorithm": "sha256",
              "hash": "e2dd4a40a628cb5f28f6d4b0db8800b8f581b65bb380b97de22ba5ca8d72572f",
              "url": "https://files.pythonhosted.org/packages/6d/e6/21ccce3262dd4889aa3332e5a119a3491a95e8f60939870a3a035aabac0d/soupsieve-2.8.tar.gz"
            }
          ],
          "project_name": "soupsieve",
          "requires_dists": [],
          "requires_python": ">=3.9",
          "version": "2.8"
        },
        {
          "artifacts": [
            {
              "algorithm": "sha256",
              "hash": "f0fa19c6845758ab08074a0cfa8b7aecb71c999ca73d62883bc25cc018c4e548",
              "url": "https://files.pythonhosted.org/packages/18/67/36e9267722cc04a6b9f15c7f3441c2363321a3ea07da7ae0c0707beb2a9c/typing_extensions-4.15.0-py3-none-any.whl"
            },
            {
              "algorithm": "sha256",
              "hash": "0cea48d173cc12fa28ecabc3b837ea3cf6f38c6d1136f85cbaaf598984861466",
              "url": "https://files.pythonhosted.org/packages/72/94/1a15dd82efb362ac84269196e94cf00f187f7ed21c242792a923cdb1c61f/typing_extensions-4.15.0.tar.gz"
            }
          ],
          "project_name": "typing-extensions",
          "requires_dists": [],
          "requires_python": ">=3.9",
          "version": "4.15.0"
        }
      ],
      "platform_tag": null
    }
  ],
  "only_builds": [],
  "only_wheels": [],
  "overridden": [],
  "path_mappings": {},
  "pex_version": "2.55.2",
  "pip_version": "24.2",
  "prefer_older_binary": false,
  "requirements": [
    "beautifulsoup4",
    "httpx"
  ],
  "requires_python": [
    "CPython==3.14.*"
  ],
  "resolver_version": "pip-2020-resolver",
  "style": "universal",
  "target_systems": [
    "linux",
    "mac"
  ],
  "transitive": true,
  "use_pep517": null,
  "use_system_time": false
}
