// This lockfile was autogenerated by Pants. To regenerate, run:
//
//    pants generate-lockfiles --resolve=python-default
//
// --- BEGIN PANTS LOCKFILE METADATA: DO NOT EDIT OR REMOVE ---
// {
//   "version": 4,
//   "valid_for_interpreter_constraints": [
//     "CPython==3.14.*"
//   ],
//   "generated_with_requirements": [
//     "Pillow",
//     "PyMuPDF",
//     "beautifulsoup4",
//     "httpx"
//   ],
//   "manylinux": "manylinux2014",
//   "requirement_constraints": [],
//   "only_binary": [],
//   "no_binary": [],
//   "excludes": [],
//   "overrides": []
// }
// --- END PANTS LOCKFILE METADATA ---

{
  "allow_builds": true,
  "allow_prereleases": false,
  "allow_wheels": true,
  "build_isolation": true,
  "constraints": [],
  "elide_unused_requires_dist": false,
  "excluded": [],
  "locked_resolves": [
    {
      "locked_requirements": [
        {
          "artifacts": [
            {
              "algorithm": "sha256",
              "hash": "0287e96f4d26d4149305414d4e3bc32f0dcd0862365a4bddea19d7a1ec38c4fc",
              "url": "https://files.pythonhosted.org/packages/15/b3/9b1a8074496371342ec1e796a96f99c82c945a339cd81a8e73de28b4cf9e/anyio-4.11.0-py3-none-any.whl"
            },
            {
              "algorithm": "sha256",
              "hash": "82a8d0b81e318cc5ce71a5f1f8b5c4e63619620b63141ef8c995fa0db95a57c4",
              "url": "https://files.pythonhosted.org/packages/c6/78/7d432127c41b50bccba979505f272c16cbcadcc33645d5fa3a738110ae75/anyio-4.11.0.tar.gz"
            }
          ],
          "project_name": "anyio",
          "requires_dists": [
            "exceptiongroup>=1.0.2; python_version < \"3.11\"",
            "idna>=2.8",
            "sniffio>=1.1",
            "trio>=0.31.0; extra == \"trio\"",
            "typing_extensions>=4.5; python_version < \"3.13\""
          ],
          "requires_python": ">=3.9",
          "version": "4.11.0"
        },
        {
          "artifacts": [
            {
              "algorithm": "sha256",
              "hash": "5ef6fa3a8cbece8488d66985560f97ed091e22bbc4e9c2338508a9d5de6d4515",
              "url": "https://files.pythonhosted.org/packages/94/fe/3aed5d0be4d404d12d36ab97e2f1791424d9ca39c2f754a6285d59a3b01d/beautifulsoup4-4.14.2-py3-none-any.whl"
            },
            {
              "algorithm": "sha256",
              "hash": "2a98ab9f944a11acee9cc848508ec28d9228abfd522ef0fad6a02a72e0ded69e",
              "url": "https://files.pythonhosted.org/packages/77/e9/df2358efd7659577435e2177bfa69cba6c33216681af51a707193dec162a/beautifulsoup4-4.14.2.tar.gz"
            }
          ],
          "project_name": "beautifulsoup4",
          "requires_dists": [
            "cchardet; extra == \"cchardet\"",
            "chardet; extra == \"chardet\"",
            "charset-normalizer; extra == \"charset-normalizer\"",
            "html5lib; extra == \"html5lib\"",
            "lxml; extra == \"lxml\"",
            "soupsieve>1.2",
            "typing-extensions>=4.0.0"
          ],
          "requires_python": ">=3.7.0",
          "version": "4.14.2"
        },
        {
          "artifacts": [
            {
              "algorithm": "sha256",
              "hash": "0f212c2744a9bb6de0c56639a6f68afe01ecd92d91f14ae897c4fe7bbeeef0de",
              "url": "https://files.pythonhosted.org/packages/e4/37/af0d2ef3967ac0d6113837b44a4f0bfe1328c2b9763bd5b1744520e5cfed/certifi-2025.10.5-py3-none-any.whl"
            },
            {
              "algorithm": "sha256",
              "hash": "47c09d31ccf2acf0be3f701ea53595ee7e0b8fa08801c6624be771df09ae7b43",
              "url": "https://files.pythonhosted.org/packages/4c/5b/b6ce21586237c77ce67d01dc5507039d444b630dd76611bbca2d8e5dcd91/certifi-2025.10.5.tar.gz"
            }
          ],
          "project_name": "certifi",
          "requires_dists": [],
          "requires_python": ">=3.7",
          "version": "2025.10.5"
        },
        {
          "artifacts": [
            {
              "algorithm": "sha256",
              "hash": "63cf8bbe7522de3bf65932fda1d9c2772064ffb3dae62d55932da54b31cb6c86",
              "url": "https://files.pythonhosted.org/packages/04/4b/29cac41a4d98d144bf5f6d33995617b185d14b22401f75ca86f384e87ff1/h11-0.16.0-py3-none-any.whl"
            },
            {
              "algorithm": "sha256",
              "hash": "4e35b956cf45792e4caa5885e69fba00bdbc6ffafbfa020300e549b208ee5ff1",
              "url": "https://files.pythonhosted.org/packages/01/ee/02a2c011bdab74c6fb3c75474d40b3052059d95df7e73351460c8588d963/h11-0.16.0.tar.gz"
            }
          ],
          "project_name": "h11",
          "requires_dists": [],
          "requires_python": ">=3.8",
          "version": "0.16.0"
        },
        {
          "artifacts": [
            {
              "algorithm": "sha256",
              "hash": "2d400746a40668fc9dec9810239072b40b4484b640a8c38fd654a024c7a1bf55",
              "url": "https://files.pythonhosted.org/packages/7e/f5/f66802a942d491edb555dd61e3a9961140fd64c90bce1eafd741609d334d/httpcore-1.0.9-py3-none-any.whl"
            },
            {
              "algorithm": "sha256",
              "hash": "6e34463af53fd2ab5d807f399a9b45ea31c3dfa2276f15a2c3f00afff6e176e8",
              "url": "https://files.pythonhosted.org/packages/06/94/82699a10bca87a5556c9c59b5963f2d039dbd239f25bc2a63907a05a14cb/httpcore-1.0.9.tar.gz"
            }
          ],
          "project_name": "httpcore",
          "requires_dists": [
            "anyio<5.0,>=4.0; extra == \"asyncio\"",
            "certifi",
            "h11>=0.16",
            "h2<5,>=3; extra == \"http2\"",
            "socksio==1.*; extra == \"socks\"",
            "trio<1.0,>=0.22.0; extra == \"trio\""
          ],
          "requires_python": ">=3.8",
          "version": "1.0.9"
        },
        {
          "artifacts": [
            {
              "algorithm": "sha256",
              "hash": "d909fcccc110f8c7faf814ca82a9a4d816bc5a6dbfea25d6591d6985b8ba59ad",
              "url": "https://files.pythonhosted.org/packages/2a/39/e50c7c3a983047577ee07d2a9e53faf5a69493943ec3f6a384bdc792deb2/httpx-0.28.1-py3-none-any.whl"
            },
            {
              "algorithm": "sha256",
              "hash": "75e98c5f16b0f35b567856f597f06ff2270a374470a5c2392242528e3e3e42fc",
              "url": "https://files.pythonhosted.org/packages/b1/df/48c586a5fe32a0f01324ee087459e112ebb7224f646c0b5023f5e79e9956/httpx-0.28.1.tar.gz"
            }
          ],
          "project_name": "httpx",
          "requires_dists": [
            "anyio",
            "brotli; platform_python_implementation == \"CPython\" and extra == \"brotli\"",
            "brotlicffi; platform_python_implementation != \"CPython\" and extra == \"brotli\"",
            "certifi",
            "click==8.*; extra == \"cli\"",
            "h2<5,>=3; extra == \"http2\"",
            "httpcore==1.*",
            "idna",
            "pygments==2.*; extra == \"cli\"",
            "rich<14,>=10; extra == \"cli\"",
            "socksio==1.*; extra == \"socks\"",
            "zstandard>=0.18.0; extra == \"zstd\""
          ],
          "requires_python": ">=3.8",
          "version": "0.28.1"
        },
        {
          "artifacts": [
            {
              "algorithm": "sha256",
              "hash": "771a87f49d9defaf64091e6e6fe9c18d4833f140bd19464795bc32d966ca37ea",
              "url": "https://files.pythonhosted.org/packages/0e/61/66938bbb5fc52dbdf84594873d5b51fb1f7c7794e9c0f5bd885f30bc507b/idna-3.11-py3-none-any.whl"
            },
            {
              "algorithm": "sha256",
              "hash": "795dafcc9c04ed0c1fb032c2aa73654d8e8c5023a7df64a53f39190ada629902",
              "url": "https://files.pythonhosted.org/packages/6f/6d/0703ccc57f3a7233505399edb88de3cbd678da106337b9fcde432b65ed60/idna-3.11.tar.gz"
            }
          ],
          "project_name": "idna",
          "requires_dists": [
            "flake8>=7.1.1; extra == \"all\"",
            "mypy>=1.11.2; extra == \"all\"",
            "pytest>=8.3.2; extra == \"all\"",
            "ruff>=0.6.2; extra == \"all\""
          ],
          "requires_python": ">=3.8",
          "version": "3.11"
        },
        {
          "artifacts": [
            {
              "algorithm": "sha256",
              "hash": "afbefa430092f71a9593a99ab6a4e7538bc9eabbf7bf94f91510d3503943edc4",
              "url": "https://files.pythonhosted.org/packages/30/4b/667dfcf3d61fc309ba5a15b141845cece5915e39b99c1ceab0f34bf1d124/pillow-12.0.0-cp314-cp314t-musllinux_1_2_x86_64.whl"
            },
            {
              "algorithm": "sha256",
              "hash": "c98fa880d695de164b4135a52fd2e9cd7b7c90a9d8ac5e9e443a24a95ef9248e",
              "url": "https://files.pythonhosted.org/packages/3a/be/ee90a3d79271227e0f0a33c453531efd6ed14b2e708596ba5dd9be948da3/pillow-12.0.0-cp314-cp314-manylinux_2_27_x86_64.manylinux_2_28_x86_64.whl"
            },
            {
              "algorithm": "sha256",
              "hash": "fa3ed2a29a9e9d2d488b4da81dcb54720ac3104a20bf0bd273f1e4648aff5af9",
              "url": "https://files.pythonhosted.org/packages/44/34/a16b6a4d1ad727de390e9bd9f19f5f669e079e5826ec0f329010ddea492f/pillow-12.0.0-cp314-cp314-musllinux_1_2_aarch64.whl"
            },
            {
              "algorithm": "sha256",
              "hash": "b2e4b27a6e15b04832fe9bf292b94b5ca156016bbc1ea9c2c20098a0320d6cf6",
              "url": "https://files.pythonhosted.org/packages/44/76/20776057b4bfd1aef4eeca992ebde0f53a4dce874f3ae693d0ec90a4f79b/pillow-12.0.0-cp314-cp314t-macosx_11_0_arm64.whl"
            },
            {
              "algorithm": "sha256",
              "hash": "87d4f8125c9988bfbed67af47dd7a953e2fc7b0cc1e7800ec6d2080d490bb353",
              "url": "https://files.pythonhosted.org/packages/5a/b0/cace85a1b0c9775a9f8f5d5423c8261c858760e2466c79b2dd184638b056/pillow-12.0.0.tar.gz"
            },
            {
              "algorithm": "sha256",
              "hash": "5d5c411a8eaa2299322b647cd932586b1427367fd3184ffbb8f7a219ea2041ca",
              "url": "https://files.pythonhosted.org/packages/75/87/fcea108944a52dad8cca0715ae6247e271eb80459364a98518f1e4f480c1/pillow-12.0.0-cp314-cp314t-manylinux_2_27_aarch64.manylinux_2_28_aarch64.whl"
            },
            {
              "algorithm": "sha256",
              "hash": "792a2c0be4dcc18af9d4a2dfd8a11a17d5e25274a1062b0ec1c2d79c76f3e7f8",
              "url": "https://files.pythonhosted.org/packages/7b/f4/2dd3d721f875f928d48e83bb30a434dee75a2531bca839bb996bb0aa5a91/pillow-12.0.0-cp314-cp314t-musllinux_1_2_aarch64.whl"
            },
            {
              "algorithm": "sha256",
              "hash": "fb3096c30df99fd01c7bf8e544f392103d0795b9f98ba71a8054bcbf56b255f1",
              "url": "https://files.pythonhosted.org/packages/82/3f/d9ff92ace07be8836b4e7e87e6a4c7a8318d47c2f1463ffcf121fc57d9cb/pillow-12.0.0-cp314-cp314t-manylinux2014_aarch64.manylinux_2_17_aarch64.whl"
            },
            {
              "algorithm": "sha256",
              "hash": "58eea5ebe51504057dd95c5b77d21700b77615ab0243d8152793dc00eb4faf01",
              "url": "https://files.pythonhosted.org/packages/86/62/2a88339aa40c4c77e79108facbd307d6091e2c0eb5b8d3cf4977cfca2fe6/pillow-12.0.0-cp314-cp314-manylinux2014_aarch64.manylinux_2_17_aarch64.whl"
            },
            {
              "algorithm": "sha256",
              "hash": "d7e091d464ac59d2c7ad8e7e08105eaf9dafbc3883fd7265ffccc2baad6ac925",
              "url": "https://files.pythonhosted.org/packages/91/52/0d31b5e571ef5fd111d2978b84603fce26aba1b6092f28e941cb46570745/pillow-12.0.0-cp314-cp314t-manylinux_2_27_x86_64.manylinux_2_28_x86_64.whl"
            },
            {
              "algorithm": "sha256",
              "hash": "7438839e9e053ef79f7112c881cef684013855016f928b168b81ed5835f3e75e",
              "url": "https://files.pythonhosted.org/packages/9f/7a/4f7ff87f00d3ad33ba21af78bfcd2f032107710baf8280e3722ceec28cda/pillow-12.0.0-cp314-cp314t-manylinux2014_x86_64.manylinux_2_17_x86_64.whl"
            },
            {
              "algorithm": "sha256",
              "hash": "d034140032870024e6b9892c692fe2968493790dd57208b2c37e3fb35f6df3ab",
              "url": "https://files.pythonhosted.org/packages/b6/39/1aa5850d2ade7d7ba9f54e4e4c17077244ff7a2d9e25998c38a29749eb3f/pillow-12.0.0-cp314-cp314-musllinux_1_2_x86_64.whl"
            },
            {
              "algorithm": "sha256",
              "hash": "f13711b1a5ba512d647a0e4ba79280d3a9a045aaf7e0cc6fbe96b91d4cdf6b0c",
              "url": "https://files.pythonhosted.org/packages/c7/33/5425a8992bcb32d1cb9fa3dd39a89e613d09a22f2c8083b7bf43c455f760/pillow-12.0.0-cp314-cp314-manylinux2014_x86_64.manylinux_2_17_x86_64.whl"
            },
            {
              "algorithm": "sha256",
              "hash": "6846bd2d116ff42cba6b646edf5bf61d37e5cbd256425fa089fee4ff5c07a99e",
              "url": "https://files.pythonhosted.org/packages/d8/61/3f5d3b35c5728f37953d3eec5b5f3e77111949523bd2dd7f31a851e50690/pillow-12.0.0-cp314-cp314-manylinux_2_27_aarch64.manylinux_2_28_aarch64.whl"
            },
            {
              "algorithm": "sha256",
              "hash": "1979f4566bb96c1e50a62d9831e2ea2d1211761e5662afc545fa766f996632f6",
              "url": "https://files.pythonhosted.org/packages/f5/7a/ceee0840aebc579af529b523d530840338ecf63992395842e54edc805987/pillow-12.0.0-cp314-cp314t-macosx_10_15_x86_64.whl"
            },
            {
              "algorithm": "sha256",
              "hash": "e5d8efac84c9afcb40914ab49ba063d94f5dbdf5066db4482c66a992f47a3a3b",
              "url": "https://files.pythonhosted.org/packages/f6/b7/13957fda356dc46339298b351cae0d327704986337c3c69bb54628c88155/pillow-12.0.0-cp314-cp314-macosx_10_15_x86_64.whl"
            },
            {
              "algorithm": "sha256",
              "hash": "266cd5f2b63ff316d5a1bba46268e603c9caf5606d44f38c2873c380950576ad",
              "url": "https://files.pythonhosted.org/packages/fc/f5/eae31a306341d8f331f43edb2e9122c7661b975433de5e447939ae61c5da/pillow-12.0.0-cp314-cp314-macosx_11_0_arm64.whl"
            }
          ],
          "project_name": "pillow",
          "requires_dists": [
            "arro3-compute; extra == \"test-arrow\"",
            "arro3-core; extra == \"test-arrow\"",
            "check-manifest; extra == \"tests\"",
            "coverage>=7.4.2; extra == \"tests\"",
            "defusedxml; extra == \"tests\"",
            "defusedxml; extra == \"xmp\"",
            "furo; extra == \"docs\"",
            "markdown2; extra == \"tests\"",
            "nanoarrow; extra == \"test-arrow\"",
            "olefile; extra == \"docs\"",
            "olefile; extra == \"fpx\"",
            "olefile; extra == \"mic\"",
            "olefile; extra == \"tests\"",
            "packaging; extra == \"tests\"",
            "pyarrow; extra == \"test-arrow\"",
            "pyroma>=5; extra == \"tests\"",
            "pytest-cov; extra == \"tests\"",
            "pytest-timeout; extra == \"tests\"",
            "pytest-xdist; extra == \"tests\"",
            "pytest; extra == \"tests\"",
            "sphinx-autobuild; extra == \"docs\"",
            "sphinx-copybutton; extra == \"docs\"",
            "sphinx-inline-tabs; extra == \"docs\"",
            "sphinx>=8.2; extra == \"docs\"",
            "sphinxext-opengraph; extra == \"docs\"",
            "trove-classifiers>=2024.10.12; extra == \"tests\""
          ],
          "requires_python": ">=3.10",
          "version": "12.0.0"
        },
        {
          "artifacts": [
            {
              "algorithm": "sha256",
              "hash": "e24e7a7d696bd398543cc5c147869edb2026d5d5a21b7f8e35db2f20170b389e",
              "url": "https://files.pythonhosted.org/packages/28/90/87b7fdfc9cd6991a3eb69a5752f6343374c34f258c511c242f4d60791eea/pymupdf-1.26.5-cp39-abi3-musllinux_1_2_x86_64.whl"
            },
            {
              "algorithm": "sha256",
              "hash": "caad0ffeb63dcc4a29ca40f3c68d7b78d32a932e834b0056b529cc0bdbaaffc9",
              "url": "https://files.pythonhosted.org/packages/5b/5a/1292a0df4ff71fbc00dfa8c08759d17c97e1e8ea9277eb5bc5f079ca188d/pymupdf-1.26.5-cp39-abi3-manylinux_2_28_x86_64.whl"
            },
            {
              "algorithm": "sha256",
              "hash": "8ef335e07f648492df240f2247854d0e7c0467afb9c4dc2376ec30978ec158c3",
              "url": "https://files.pythonhosted.org/packages/8d/9a/e0a4e92a85fc17be7c54afdbb113f0ade2a8bca49856d510e28bd249e462/pymupdf-1.26.5.tar.gz"
            },
            {
              "algorithm": "sha256",
              "hash": "d58599479bc471d3ae56c3d68d9160d0b7de8a3bd40221ddc3a4eaae2d281b86",
              "url": "https://files.pythonhosted.org/packages/c1/e2/e87e62284ba98d59f1fd4fc7542ef2ed0002525754a485fa4077b3bbddae/pymupdf-1.26.5-cp39-abi3-macosx_11_0_arm64.whl"
            },
            {
              "algorithm": "sha256",
              "hash": "2bfb58f07ad631e5f71ad0bd6f1ff52700f7ba7ebb4973130e81e75b721beae1",
              "url": "https://files.pythonhosted.org/packages/dd/3f/7fc927fd66922ce838d4c974ff9a685c5f5aba108a5d94914dc05c9371f5/pymupdf-1.26.5-cp39-abi3-macosx_10_9_x86_64.whl"
            },
            {
              "algorithm": "sha256",
              "hash": "7dfea81fdd73437a6a6ce83e1fcf556faee9327a6540571e58bf04fa362bb0cd",
              "url": "https://files.pythonhosted.org/packages/df/c2/af93c6367f79e9b5435f803bde51c1dc8225f054f8238162dda80b44986d/pymupdf-1.26.5-cp39-abi3-manylinux_2_28_aarch64.whl"
            }
          ],
          "project_name": "pymupdf",
          "requires_dists": [],
          "requires_python": ">=3.9",
          "version": "1.26.5"
        },
        {
          "artifacts": [
            {
              "algorithm": "sha256",
              "hash": "2f6da418d1f1e0fddd844478f41680e794e6051915791a034ff65e5f100525a2",
              "url": "https://files.pythonhosted.org/packages/e9/44/75a9c9421471a6c4805dbf2356f7c181a29c1879239abab1ea2cc8f38b40/sniffio-1.3.1-py3-none-any.whl"
            },
            {
              "algorithm": "sha256",
              "hash": "f4324edc670a0f49750a81b895f35c3adb843cca46f0530f79fc1babb23789dc",
              "url": "https://files.pythonhosted.org/packages/a2/87/a6771e1546d97e7e041b6ae58d80074f81b7d5121207425c964ddf5cfdbd/sniffio-1.3.1.tar.gz"
            }
          ],
          "project_name": "sniffio",
          "requires_dists": [],
          "requires_python": ">=3.7",
          "version": "1.3.1"
        },
        {
          "artifacts": [
            {
              "algorithm": "sha256",
              "hash": "0cc76456a30e20f5d7f2e14a98a4ae2ee4e5abdc7c5ea0aafe795f344bc7984c",
              "url": "https://files.pythonhosted.org/packages/14/a0/bb38d3b76b8cae341dad93a2dd83ab7462e6dbcdd84d43f54ee60a8dc167/soupsieve-2.8-py3-none-any.whl"
            },
            {
              "algorithm": "sha256",
              "hash": "e2dd4a40a628cb5f28f6d4b0db8800b8f581b65bb380b97de22ba5ca8d72572f",
              "url": "https://files.pythonhosted.org/packages/6d/e6/21ccce3262dd4889aa3332e5a119a3491a95e8f60939870a3a035aabac0d/soupsieve-2.8.tar.gz"
            }
          ],
          "project_name": "soupsieve",
          "requires_dists": [],
          "requires_python": ">=3.9",
          "version": "2.8"
        },
        {
          "artifacts": [
            {
              "algorithm": "sha256",
              "hash": "f0fa19c6845758ab08074a0cfa8b7aecb71c999ca73d62883bc25cc018c4e548",
              "url": "https://files.pythonhosted.org/packages/18/67/36e9267722cc04a6b9f15c7f3441c2363321a3ea07da7ae0c0707beb2a9c/typing_extensions-4.15.0-py3-none-any.whl"
            },
            {
              "algorithm": "sha256",
              "hash": "0cea48d173cc12fa28ecabc3b837ea3cf6f38c6d1136f85cbaaf598984861466",
              "url": "https://files.pythonhosted.org/packages/72/94/1a15dd82efb362ac84269196e94cf00f187f7ed21c242792a923cdb1c61f/typing_extensions-4.15.0.tar.gz"
            }
          ],
          "project_name": "typing-extensions",
          "requires_dists": [],
          "requires_python": ">=3.9",
          "version": "4.15.0"
        }
      ],
      "platform_tag": null
    }
  ],
  "only_builds": [],
  "only_wheels": [],
  "overridden": [],
  "path_mappings": {},
  "pex_version": "2.55.2",
  "pip_version": "24.2",
  "prefer_older_binary": false,
  "requirements": [
    "Pillow",
    "PyMuPDF",
    "beautifulsoup4",
    "httpx"
  ],
  "requires_python": [
    "CPython==3.14.*"
  ],
  "resolver_version": "pip-2020-resolver",
  "style": "universal",
  "target_systems": [
    "linux",
    "mac"
  ],
  "transitive": true,
  "use_pep517": null,
  "use_system_time": false
}
